github.com/DavidGamba/dgtools/trees v0.1.0 h1:8FllYXayVpLNomlhGUFEl0gfUxymOrqTkNyYh7QARHE=
github.com/DavidGamba/dgtools/trees v0.1.0/go.mod h1:H9UAZh3Frqm446RrXST+rQXl4diaTMX7TLwP4f98zK0=
github.com/DavidGamba/dgtools/yamlutils v0.0.0-20230124052542-bdc68694a034 h1:9hpuPH/f0yqt/1VzH7dCUN1pKvnK6HbnXTs2uRXAd+k=
github.com/DavidGamba/dgtools/yamlutils v0.0.0-20230124052542-bdc68694a034/go.mod h1:lsTVYmXRS1b7lsExi1SbsTwFTraqlrezQq+N/NaQpUQ=
github.com/DavidGamba/go-getoptions v0.26.0 h1:3Hy0o6xTYs9icM5uPNqqck5PyZm5lZWRIDH/n5SV2uw=
github.com/DavidGamba/go-getoptions v0.26.0/go.mod h1:qLaLSYeQ8sUVOfKuu5JT5qKKS3OCwyhkYSJnoG+ggmo=
gopkg.in/check.v1 v0.0.0-20161208181325-20d25e280405/go.mod h1:Co6ibVJAznAaIkqp8huTwlJQCZ016jof/cbN4VW5Yz0=
gopkg.in/yaml.v2 v2.4.0 h1:D8xgwECY7CYvx+Y2n4sBz93Jn9JRvxdiyyo8CTfuKaY=
gopkg.in/yaml.v2 v2.4.0/go.mod h1:RDklbk79AGWmwhnvt/jBztapEOGDOx6ZbXqjP6csGnQ=
