github.com/DavidGamba/go-getoptions v0.25.3 h1:lSPcMkwWvVZU05C+Uz4DKnKN5wz4bcD1QvJ/QHCRexo=
github.com/DavidGamba/go-getoptions v0.25.3/go.mod h1:qLaLSYeQ8sUVOfKuu5JT5qKKS3OCwyhkYSJnoG+ggmo=
github.com/gorilla/mux v1.8.0 h1:i40aqfkR1h2SlN9hojwV5ZA91wcXFOvkdNIeFDP5koI=
github.com/gorilla/mux v1.8.0/go.mod h1:DVbg23sWSpFRCP0SfiEN6jmj59UnW/n46BH5rLB71So=
