github.com/DavidGamba/go-getoptions v0.30.0 h1:8x69Fc8k/mEWVE0GknpwQ3uGj56MXOUp17egPxCEAG4=
github.com/DavidGamba/go-getoptions v0.30.0/go.mod h1:zE97E3PR9P3BI/HKyNYgdMlYxodcuiC6W68KIgeYT84=
github.com/gorilla/mux v1.8.1 h1:TuBL49tXwgrFYWhqrNgrUNEY92u81SPhu7sTdzQEiWY=
github.com/gorilla/mux v1.8.1/go.mod h1:AKf9I4AEqPTmMytcMc0KkNouC66V3BtZ4qD5fmWSiMQ=
