github.com/DavidGamba/dgtools/run v0.5.0 h1:bygl86WyH3qA/2fBt7C1tvu8g1lYFtIQ1jpA7bLtrAE=
github.com/DavidGamba/dgtools/run v0.5.0/go.mod h1:3P1fMJupTWqsiE8IXsXrk2HtgkZBTCFRLbaTjRlmDe0=
github.com/DavidGamba/dgtools/run v0.6.0 h1:0kYUUIKG1/EqLTwDHnGKnsRHkM27Frr1J70AB0j9n7I=
github.com/DavidGamba/dgtools/run v0.6.0/go.mod h1:3P1fMJupTWqsiE8IXsXrk2HtgkZBTCFRLbaTjRlmDe0=
