github.com/DavidGamba/go-getoptions v0.27.0 h1:hldKJSwO9SwvR+z9pe6ojhEcYECrRiO/bar9B7MnBKA=
github.com/DavidGamba/go-getoptions v0.27.0/go.mod h1:qLaLSYeQ8sUVOfKuu5JT5qKKS3OCwyhkYSJnoG+ggmo=
golang.org/x/text v0.9.0 h1:2sjJmO8cDvYveuX97RDLsxlyUxLl+GHoLxBiRdHllBE=
golang.org/x/text v0.9.0/go.mod h1:e1OnstbJyHTd6l/uOt8jFFHp6TRDWZR/bV3emEE/zU8=
