github.com/DavidGamba/dgtools/buildutils v0.6.0 h1:sbiwJPAdbXF+Gc8L9C+BldaaMRje/qf5BfVYyp0qBMk=
github.com/DavidGamba/dgtools/buildutils v0.6.0/go.mod h1:j7DC6tKOOoMy4s6ICP220y2jgRlIGpzLH2wXZo2WF7g=
github.com/DavidGamba/dgtools/fsmodtime v0.3.0 h1:unnbwD+JSadgcqlBI2v524dWcX6dxqD44TSAP5V7sA8=
github.com/DavidGamba/dgtools/fsmodtime v0.3.0/go.mod h1:ruwqMvW2pWDbSQlAupP7F0QaojfbuXPyUOUKR4Ev3pQ=
github.com/DavidGamba/dgtools/run v0.9.0 h1:Hg0v4ExUMd6Vzf9x9Bqr2yxreZtZpqlcAi8tI86QtIM=
github.com/DavidGamba/dgtools/run v0.9.0/go.mod h1:GVGYL0p5hdBaQ9uIAslXh1g1TTfr0igMSDVTwhhy9q4=
github.com/DavidGamba/go-getoptions v0.30.0 h1:8x69Fc8k/mEWVE0GknpwQ3uGj56MXOUp17egPxCEAG4=
github.com/DavidGamba/go-getoptions v0.30.0/go.mod h1:zE97E3PR9P3BI/HKyNYgdMlYxodcuiC6W68KIgeYT84=
golang.org/x/mod v0.21.0 h1:vvrHzRwRfVKSiLrG+d4FMl/Qi4ukBCE6kZlTUkDYRT0=
golang.org/x/mod v0.21.0/go.mod h1:6SkKJ3Xj0I0BrPOZoBy3bdMptDDU9oJrpohJ3eWZ1fY=
golang.org/x/sync v0.8.0 h1:3NFvSEYkUoMifnESzZl15y791HH1qU2xm6eCJU5ZPXQ=
golang.org/x/sync v0.8.0/go.mod h1:Czt+wKu1gCyEFDUtn0jG5QVvpJ6rzVqr5aXyt9drQfk=
golang.org/x/text v0.18.0 h1:XvMDiNzPAl0jr17s6W9lcaIhGUfUORdGCNsuLmPG224=
golang.org/x/text v0.18.0/go.mod h1:BuEKDfySbSR4drPmRPG/7iBdf8hvFMuRexcpahXilzY=
golang.org/x/tools v0.25.0 h1:oFU9pkj/iJgs+0DT+VMHrx+oBKs/LJMV+Uvg78sl+fE=
golang.org/x/tools v0.25.0/go.mod h1:/vtpO8WL1N9cQC3FN5zPqb//fRXskFHbLKk4OW1Q7rg=
